
Microsoft Visual Studio Solution File, Format Version 12.00
# Visual Studio Version 17
VisualStudioVersion = 17.3.32922.545
MinimumVisualStudioVersion = 10.0.40219.1
Project("{FAE04EC0-301F-11D3-BF4B-00C04F79EFBC}") = "OmpassAgent", "OmpassAgent\OmpassAgent.csproj", "{8CCDE09C-532E-438A-81C1-C6DFB34AD201}"
EndProject
Global
	GlobalSection(SolutionConfigurationPlatforms) = preSolution
		Debug|Any CPU = Debug|Any CPU
		Debug|x64 = Debug|x64
		Release|Any CPU = Release|Any CPU
		Release|x64 = Release|x64
	EndGlobalSection
	GlobalSection(ProjectConfigurationPlatforms) = postSolution
		{8CCDE09C-532E-438A-81C1-C6DFB34AD201}.Debug|Any CPU.ActiveCfg = Release|Any CPU
		{8CCDE09C-532E-438A-81C1-C6DFB34AD201}.Debug|Any CPU.Build.0 = Release|Any CPU
		{8CCDE09C-532E-438A-81C1-C6DFB34AD201}.Debug|x64.ActiveCfg = Debug|x64
		{8CCDE09C-532E-438A-81C1-C6DFB34AD201}.Debug|x64.Build.0 = Debug|x64
		{8CCDE09C-532E-438A-81C1-C6DFB34AD201}.Release|Any CPU.ActiveCfg = Release|Win32
		{8CCDE09C-532E-438A-81C1-C6DFB34AD201}.Release|Any CPU.Build.0 = Release|Win32
		{8CCDE09C-532E-438A-81C1-C6DFB34AD201}.Release|x64.ActiveCfg = Release|x64
		{8CCDE09C-532E-438A-81C1-C6DFB34AD201}.Release|x64.Build.0 = Release|x64
	EndGlobalSection
	GlobalSection(SolutionProperties) = preSolution
		HideSolutionNode = FALSE
	EndGlobalSection
	GlobalSection(ExtensibilityGlobals) = postSolution
		SolutionGuid = {7D6C6B4B-75D2-40F7-84A6-1A127B9E89D6}
	EndGlobalSection
EndGlobal
